
Microsoft Visual Studio Solution File, Format Version 12.00
# Visual Studio Version 17
VisualStudioVersion = 17.5.33516.290
MinimumVisualStudioVersion = 10.0.40219.1
Project("{2150E333-8FDC-42A3-9474-1A3956D46DE8}") = "Solution Items", "Solution Items", "{B220657B-B436-471A-A41A-6A7A1BE6BE92}"
	ProjectSection(SolutionItems) = preProject
		.editorconfig = .editorconfig
		.gitignore = .gitignore
		azure-pipelines.yml = azure-pipelines.yml
		build.ps1 = build.ps1
		Directory.Build.props = Directory.Build.props
		global.json = global.json
		README.md = README.md
		version.json = version.json
	EndProjectSection
EndProject
Project("{9A19103F-16F7-4668-BE54-9A1E7A4F7556}") = "Aiui", "src\Aiui\Aiui.csproj", "{359A36F0-256F-48E9-A3FD-95D1532B0D06}"
EndProject
Project("{FAE04EC0-301F-11D3-BF4B-00C04F79EFBC}") = "Web", "src\Web\Web.csproj", "{E5706BEE-C3FB-E7BE-641A-413C1A61D716}"
EndProject
Project("{FAE04EC0-301F-11D3-BF4B-00C04F79EFBC}") = "AIWeb.AppHost", "AIWeb\AIWeb.AppHost\AIWeb.AppHost.csproj", "{07C6748C-5817-7966-C7EA-B18B31003E36}"
EndProject
Project("{FAE04EC0-301F-11D3-BF4B-00C04F79EFBC}") = "AIWeb.ServiceDefaults", "AIWeb\AIWeb.ServiceDefaults\AIWeb.ServiceDefaults.csproj", "{EF780E5B-E28B-D3F6-CD19-5D2A19AB76FB}"
EndProject
Project("{FAE04EC0-301F-11D3-BF4B-00C04F79EFBC}") = "AIWeb.Web", "AIWeb\AIWeb.Web\AIWeb.Web.csproj", "{7CAF72BF-DE78-C331-1872-6C962E5ACBED}"
EndProject
Global
	GlobalSection(SolutionConfigurationPlatforms) = preSolution
		Debug|Any CPU = Debug|Any CPU
		Release|Any CPU = Release|Any CPU
	EndGlobalSection
	GlobalSection(ProjectConfigurationPlatforms) = postSolution
		{359A36F0-256F-48E9-A3FD-95D1532B0D06}.Debug|Any CPU.ActiveCfg = Debug|Any CPU
		{359A36F0-256F-48E9-A3FD-95D1532B0D06}.Debug|Any CPU.Build.0 = Debug|Any CPU
		{359A36F0-256F-48E9-A3FD-95D1532B0D06}.Release|Any CPU.ActiveCfg = Release|Any CPU
		{359A36F0-256F-48E9-A3FD-95D1532B0D06}.Release|Any CPU.Build.0 = Release|Any CPU
		{E5706BEE-C3FB-E7BE-641A-413C1A61D716}.Debug|Any CPU.ActiveCfg = Debug|Any CPU
		{E5706BEE-C3FB-E7BE-641A-413C1A61D716}.Debug|Any CPU.Build.0 = Debug|Any CPU
		{E5706BEE-C3FB-E7BE-641A-413C1A61D716}.Release|Any CPU.ActiveCfg = Release|Any CPU
		{E5706BEE-C3FB-E7BE-641A-413C1A61D716}.Release|Any CPU.Build.0 = Release|Any CPU
		{07C6748C-5817-7966-C7EA-B18B31003E36}.Debug|Any CPU.ActiveCfg = Debug|Any CPU
		{07C6748C-5817-7966-C7EA-B18B31003E36}.Debug|Any CPU.Build.0 = Debug|Any CPU
		{07C6748C-5817-7966-C7EA-B18B31003E36}.Release|Any CPU.ActiveCfg = Release|Any CPU
		{07C6748C-5817-7966-C7EA-B18B31003E36}.Release|Any CPU.Build.0 = Release|Any CPU
		{EF780E5B-E28B-D3F6-CD19-5D2A19AB76FB}.Debug|Any CPU.ActiveCfg = Debug|Any CPU
		{EF780E5B-E28B-D3F6-CD19-5D2A19AB76FB}.Debug|Any CPU.Build.0 = Debug|Any CPU
		{EF780E5B-E28B-D3F6-CD19-5D2A19AB76FB}.Release|Any CPU.ActiveCfg = Release|Any CPU
		{EF780E5B-E28B-D3F6-CD19-5D2A19AB76FB}.Release|Any CPU.Build.0 = Release|Any CPU
		{7CAF72BF-DE78-C331-1872-6C962E5ACBED}.Debug|Any CPU.ActiveCfg = Debug|Any CPU
		{7CAF72BF-DE78-C331-1872-6C962E5ACBED}.Debug|Any CPU.Build.0 = Debug|Any CPU
		{7CAF72BF-DE78-C331-1872-6C962E5ACBED}.Release|Any CPU.ActiveCfg = Release|Any CPU
		{7CAF72BF-DE78-C331-1872-6C962E5ACBED}.Release|Any CPU.Build.0 = Release|Any CPU
	EndGlobalSection
	GlobalSection(SolutionProperties) = preSolution
		HideSolutionNode = FALSE
	EndGlobalSection
	GlobalSection(ExtensibilityGlobals) = postSolution
		SolutionGuid = {F9280357-8A48-4C35-B150-76A80E9A5954}
	EndGlobalSection
EndGlobal
