
Microsoft Visual Studio Solution File, Format Version 12.00
# Visual Studio Version 17
VisualStudioVersion = 17.5.33516.290
MinimumVisualStudioVersion = 10.0.40219.1
Project("{FAE04EC0-301F-11D3-BF4B-00C04F79EFBC}") = "OpenAI", "OpenAI\OpenAI.csproj", "{C3D5EC4C-6303-4459-8DBF-58CEA036E61C}"
EndProject
Project("{2150E333-8FDC-42A3-9474-1A3956D46DE8}") = "Solution Items", "Solution Items", "{B220657B-B436-471A-A41A-6A7A1BE6BE92}"
	ProjectSection(SolutionItems) = preProject
		.editorconfig = .editorconfig
		.gitignore = .gitignore
	EndProjectSection
EndProject
Global
	GlobalSection(SolutionConfigurationPlatforms) = preSolution
		Debug|Any CPU = Debug|Any CPU
		Release|Any CPU = Release|Any CPU
	EndGlobalSection
	GlobalSection(ProjectConfigurationPlatforms) = postSolution
		{C3D5EC4C-6303-4459-8DBF-58CEA036E61C}.Debug|Any CPU.ActiveCfg = Debug|Any CPU
		{C3D5EC4C-6303-4459-8DBF-58CEA036E61C}.Debug|Any CPU.Build.0 = Debug|Any CPU
		{C3D5EC4C-6303-4459-8DBF-58CEA036E61C}.Release|Any CPU.ActiveCfg = Release|Any CPU
		{C3D5EC4C-6303-4459-8DBF-58CEA036E61C}.Release|Any CPU.Build.0 = Release|Any CPU
	EndGlobalSection
	GlobalSection(SolutionProperties) = preSolution
		HideSolutionNode = FALSE
	EndGlobalSection
	GlobalSection(ExtensibilityGlobals) = postSolution
		SolutionGuid = {F9280357-8A48-4C35-B150-76A80E9A5954}
	EndGlobalSection
EndGlobal
