
Microsoft Visual Studio Solution File, Format Version 12.00
# Visual Studio Version 17
VisualStudioVersion = 17.0.31903.59
MinimumVisualStudioVersion = 10.0.40219.1
Project("{2CAFEEF4-301D-416E-83E3-09A06A24CC9D}") = "AIWeb.AppHost", "AIWeb.AppHost\AIWeb.AppHost.csproj", "{771B5928-4CF6-4F2E-B036-C6A6ACB62225}"
EndProject
Project("{2CAFEEF4-301D-416E-83E3-09A06A24CC9D}") = "AIWeb.ServiceDefaults", "AIWeb.ServiceDefaults\AIWeb.ServiceDefaults.csproj", "{0E5496EE-A2C7-47DA-85C7-195021C28531}"
EndProject
Project("{2CAFEEF4-301D-416E-83E3-09A06A24CC9D}") = "AIWeb.Web", "AIWeb.Web\AIWeb.Web.csproj", "{1C5B5442-A929-42EB-BBFA-C52C8ED0FCC8}"
EndProject
Global
	GlobalSection(SolutionConfigurationPlatforms) = preSolution
		Debug|Any CPU = Debug|Any CPU
		Release|Any CPU = Release|Any CPU
	EndGlobalSection
	GlobalSection(SolutionProperties) = preSolution
		HideSolutionNode = FALSE
	EndGlobalSection
	GlobalSection(ProjectConfigurationPlatforms) = postSolution
		{771B5928-4CF6-4F2E-B036-C6A6ACB62225}.Debug|Any CPU.ActiveCfg = Debug|Any CPU
		{771B5928-4CF6-4F2E-B036-C6A6ACB62225}.Debug|Any CPU.Build.0 = Debug|Any CPU
		{771B5928-4CF6-4F2E-B036-C6A6ACB62225}.Release|Any CPU.ActiveCfg = Release|Any CPU
		{771B5928-4CF6-4F2E-B036-C6A6ACB62225}.Release|Any CPU.Build.0 = Release|Any CPU
		{0E5496EE-A2C7-47DA-85C7-195021C28531}.Debug|Any CPU.ActiveCfg = Debug|Any CPU
		{0E5496EE-A2C7-47DA-85C7-195021C28531}.Debug|Any CPU.Build.0 = Debug|Any CPU
		{0E5496EE-A2C7-47DA-85C7-195021C28531}.Release|Any CPU.ActiveCfg = Release|Any CPU
		{0E5496EE-A2C7-47DA-85C7-195021C28531}.Release|Any CPU.Build.0 = Release|Any CPU
		{1C5B5442-A929-42EB-BBFA-C52C8ED0FCC8}.Debug|Any CPU.ActiveCfg = Debug|Any CPU
		{1C5B5442-A929-42EB-BBFA-C52C8ED0FCC8}.Debug|Any CPU.Build.0 = Debug|Any CPU
		{1C5B5442-A929-42EB-BBFA-C52C8ED0FCC8}.Release|Any CPU.ActiveCfg = Release|Any CPU
		{1C5B5442-A929-42EB-BBFA-C52C8ED0FCC8}.Release|Any CPU.Build.0 = Release|Any CPU
	EndGlobalSection
EndGlobal
